
Microsoft Visual Studio Solution File, Format Version 12.00
# Visual Studio Version 16
VisualStudioVersion = 16.0.30717.126
MinimumVisualStudioVersion = 10.0.40219.1
Project("{FAE04EC0-301F-11D3-BF4B-00C04F79EFBC}") = "Kanjis", "Kanjis.csproj", "{EAE38FFC-FD4D-4721-B3BD-B6CC637EF473}"
EndProject
Project("{9A19103F-16F7-4668-BE54-9A1E7A4F7556}") = "BLL", "..\BLL\BLL.csproj", "{B6E4885F-36C4-4FCA-A7D5-7DA464FA0FC1}"
EndProject
Project("{FAE04EC0-301F-11D3-BF4B-00C04F79EFBC}") = "DAL", "..\DAL\DAL.csproj", "{70B5BDB0-C74F-49D2-B397-B3C3465C358C}"
EndProject
Global
	GlobalSection(SolutionConfigurationPlatforms) = preSolution
		Debug|Any CPU = Debug|Any CPU
		Release|Any CPU = Release|Any CPU
	EndGlobalSection
	GlobalSection(ProjectConfigurationPlatforms) = postSolution
		{EAE38FFC-FD4D-4721-B3BD-B6CC637EF473}.Debug|Any CPU.ActiveCfg = Debug|Any CPU
		{EAE38FFC-FD4D-4721-B3BD-B6CC637EF473}.Debug|Any CPU.Build.0 = Debug|Any CPU
		{EAE38FFC-FD4D-4721-B3BD-B6CC637EF473}.Release|Any CPU.ActiveCfg = Release|Any CPU
		{EAE38FFC-FD4D-4721-B3BD-B6CC637EF473}.Release|Any CPU.Build.0 = Release|Any CPU
		{B6E4885F-36C4-4FCA-A7D5-7DA464FA0FC1}.Debug|Any CPU.ActiveCfg = Debug|Any CPU
		{B6E4885F-36C4-4FCA-A7D5-7DA464FA0FC1}.Debug|Any CPU.Build.0 = Debug|Any CPU
		{B6E4885F-36C4-4FCA-A7D5-7DA464FA0FC1}.Release|Any CPU.ActiveCfg = Release|Any CPU
		{B6E4885F-36C4-4FCA-A7D5-7DA464FA0FC1}.Release|Any CPU.Build.0 = Release|Any CPU
		{70B5BDB0-C74F-49D2-B397-B3C3465C358C}.Debug|Any CPU.ActiveCfg = Debug|Any CPU
		{70B5BDB0-C74F-49D2-B397-B3C3465C358C}.Debug|Any CPU.Build.0 = Debug|Any CPU
		{70B5BDB0-C74F-49D2-B397-B3C3465C358C}.Release|Any CPU.ActiveCfg = Release|Any CPU
		{70B5BDB0-C74F-49D2-B397-B3C3465C358C}.Release|Any CPU.Build.0 = Release|Any CPU
	EndGlobalSection
	GlobalSection(SolutionProperties) = preSolution
		HideSolutionNode = FALSE
	EndGlobalSection
	GlobalSection(ExtensibilityGlobals) = postSolution
		SolutionGuid = {1715F1B8-7E01-45BF-8334-2A77A8139C75}
	EndGlobalSection
EndGlobal
